
Microsoft Visual Studio Solution File, Format Version 12.00
# Visual Studio Version 17
VisualStudioVersion = 17.9.34728.123
MinimumVisualStudioVersion = 10.0.40219.1
Project("{9A19103F-16F7-4668-BE54-9A1E7A4F7556}") = "SophieAndMe", "SophieAndMe\SophieAndMe.csproj", "{43528E16-B61F-4990-B922-C2BBDD9381FD}"
EndProject
Project("{9A19103F-16F7-4668-BE54-9A1E7A4F7556}") = "SophieAndMe.BlazorUI", "SophieAndMe.BlazorUI\SophieAndMe.BlazorUI.csproj", "{859C5804-00F8-4CF4-A9D0-29AA1BD5F14A}"
EndProject
Project("{2150E333-8FDC-42A3-9474-1A3956D46DE8}") = "SophieAndMe.Shared", "SophieAndMe.Shared", "{D9BD1EBD-1CFB-4CDD-82DC-BD1B075EBDD8}"
	ProjectSection(SolutionItems) = preProject
		SophieAndMe\MVVM\ViewModel\VQuizzModel.cs = SophieAndMe\MVVM\ViewModel\VQuizzModel.cs
	EndProjectSection
EndProject
Project("{FAE04EC0-301F-11D3-BF4B-00C04F79EFBC}") = "SophieAndMe.MauiAppBlazor", "SophieAndMe.MauiAppBlazor\SophieAndMe.MauiAppBlazor.csproj", "{A00B6B81-2681-42C1-9637-13A0F0DDB2EA}"
EndProject
Global
	GlobalSection(SolutionConfigurationPlatforms) = preSolution
		Debug|Any CPU = Debug|Any CPU
		Release|Any CPU = Release|Any CPU
	EndGlobalSection
	GlobalSection(ProjectConfigurationPlatforms) = postSolution
		{43528E16-B61F-4990-B922-C2BBDD9381FD}.Debug|Any CPU.ActiveCfg = Debug|Any CPU
		{43528E16-B61F-4990-B922-C2BBDD9381FD}.Debug|Any CPU.Build.0 = Debug|Any CPU
		{43528E16-B61F-4990-B922-C2BBDD9381FD}.Release|Any CPU.ActiveCfg = Release|Any CPU
		{43528E16-B61F-4990-B922-C2BBDD9381FD}.Release|Any CPU.Build.0 = Release|Any CPU
		{859C5804-00F8-4CF4-A9D0-29AA1BD5F14A}.Debug|Any CPU.ActiveCfg = Debug|Any CPU
		{859C5804-00F8-4CF4-A9D0-29AA1BD5F14A}.Debug|Any CPU.Build.0 = Debug|Any CPU
		{859C5804-00F8-4CF4-A9D0-29AA1BD5F14A}.Release|Any CPU.ActiveCfg = Release|Any CPU
		{859C5804-00F8-4CF4-A9D0-29AA1BD5F14A}.Release|Any CPU.Build.0 = Release|Any CPU
		{A00B6B81-2681-42C1-9637-13A0F0DDB2EA}.Debug|Any CPU.ActiveCfg = Debug|Any CPU
		{A00B6B81-2681-42C1-9637-13A0F0DDB2EA}.Debug|Any CPU.Build.0 = Debug|Any CPU
		{A00B6B81-2681-42C1-9637-13A0F0DDB2EA}.Debug|Any CPU.Deploy.0 = Debug|Any CPU
		{A00B6B81-2681-42C1-9637-13A0F0DDB2EA}.Release|Any CPU.ActiveCfg = Release|Any CPU
		{A00B6B81-2681-42C1-9637-13A0F0DDB2EA}.Release|Any CPU.Build.0 = Release|Any CPU
		{A00B6B81-2681-42C1-9637-13A0F0DDB2EA}.Release|Any CPU.Deploy.0 = Release|Any CPU
	EndGlobalSection
	GlobalSection(SolutionProperties) = preSolution
		HideSolutionNode = FALSE
	EndGlobalSection
	GlobalSection(ExtensibilityGlobals) = postSolution
		SolutionGuid = {E2C7625F-657F-4EC2-AE0A-2339A88C9EB4}
	EndGlobalSection
EndGlobal
